
Microsoft Visual Studio Solution File, Format Version 12.00
# Visual Studio Version 17
VisualStudioVersion = 17.14.36623.8
MinimumVisualStudioVersion = 10.0.40219.1
Project("{2150E333-8FDC-42A3-9474-1A3956D46DE8}") = "Services", "Services", "{02EA681E-C7D8-13C7-8484-4AC65E1B71E8}"
EndProject
Project("{2150E333-8FDC-42A3-9474-1A3956D46DE8}") = "Catalog", "Catalog", "{79012E3E-E4B0-49B4-8030-465DACF23426}"
EndProject
Project("{FAE04EC0-301F-11D3-BF4B-00C04F79EFBC}") = "Catalog.API", "Services\Catalog\Catalog.API\Catalog.API.csproj", "{33FE08F2-EEAC-43FD-92EB-22A6C539DF96}"
EndProject
Project("{2150E333-8FDC-42A3-9474-1A3956D46DE8}") = "BuildingBlocks", "BuildingBlocks", "{7E358BF6-7887-4F86-881A-FF124E91F5DB}"
EndProject
Project("{FAE04EC0-301F-11D3-BF4B-00C04F79EFBC}") = "BuildingBlocks", "BuildingBlocks\BuildingBlocks\BuildingBlocks.csproj", "{052BA3EB-41EF-4F63-AB36-0A8EC5D2BA73}"
EndProject
Project("{E53339B2-1760-4266-BCC7-CA923CBCF16C}") = "docker-compose", "docker-compose.dcproj", "{81DDED9D-158B-E303-5F62-77A2896D2A5A}"
EndProject
Global
	GlobalSection(SolutionConfigurationPlatforms) = preSolution
		Debug|Any CPU = Debug|Any CPU
		Release|Any CPU = Release|Any CPU
	EndGlobalSection
	GlobalSection(ProjectConfigurationPlatforms) = postSolution
		{33FE08F2-EEAC-43FD-92EB-22A6C539DF96}.Debug|Any CPU.ActiveCfg = Debug|Any CPU
		{33FE08F2-EEAC-43FD-92EB-22A6C539DF96}.Debug|Any CPU.Build.0 = Debug|Any CPU
		{33FE08F2-EEAC-43FD-92EB-22A6C539DF96}.Release|Any CPU.ActiveCfg = Release|Any CPU
		{33FE08F2-EEAC-43FD-92EB-22A6C539DF96}.Release|Any CPU.Build.0 = Release|Any CPU
		{052BA3EB-41EF-4F63-AB36-0A8EC5D2BA73}.Debug|Any CPU.ActiveCfg = Debug|Any CPU
		{052BA3EB-41EF-4F63-AB36-0A8EC5D2BA73}.Debug|Any CPU.Build.0 = Debug|Any CPU
		{052BA3EB-41EF-4F63-AB36-0A8EC5D2BA73}.Release|Any CPU.ActiveCfg = Release|Any CPU
		{052BA3EB-41EF-4F63-AB36-0A8EC5D2BA73}.Release|Any CPU.Build.0 = Release|Any CPU
		{81DDED9D-158B-E303-5F62-77A2896D2A5A}.Debug|Any CPU.ActiveCfg = Debug|Any CPU
		{81DDED9D-158B-E303-5F62-77A2896D2A5A}.Debug|Any CPU.Build.0 = Debug|Any CPU
		{81DDED9D-158B-E303-5F62-77A2896D2A5A}.Release|Any CPU.ActiveCfg = Release|Any CPU
		{81DDED9D-158B-E303-5F62-77A2896D2A5A}.Release|Any CPU.Build.0 = Release|Any CPU
	EndGlobalSection
	GlobalSection(SolutionProperties) = preSolution
		HideSolutionNode = FALSE
	EndGlobalSection
	GlobalSection(NestedProjects) = preSolution
		{79012E3E-E4B0-49B4-8030-465DACF23426} = {02EA681E-C7D8-13C7-8484-4AC65E1B71E8}
		{33FE08F2-EEAC-43FD-92EB-22A6C539DF96} = {79012E3E-E4B0-49B4-8030-465DACF23426}
		{052BA3EB-41EF-4F63-AB36-0A8EC5D2BA73} = {7E358BF6-7887-4F86-881A-FF124E91F5DB}
	EndGlobalSection
	GlobalSection(ExtensibilityGlobals) = postSolution
		SolutionGuid = {F153E0A1-CD68-43CE-A367-AE34AAE39EB7}
	EndGlobalSection
EndGlobal
